
Microsoft Visual Studio Solution File, Format Version 12.00
# Visual Studio Version 17
VisualStudioVersion = 17.11.35431.28
MinimumVisualStudioVersion = 10.0.40219.1
Project("{FAE04EC0-301F-11D3-BF4B-00C04F79EFBC}") = "Tapanyagok.Server", "Tapanyagok.Server\Tapanyagok.Server.csproj", "{DF77AC58-7EC6-470C-ACD9-CB4B7D782A0F}"
EndProject
Project("{54A90642-561A-4BB1-A94E-469ADEE60C69}") = "tapanyagok.client", "tapanyagok.client\tapanyagok.client.esproj", "{74A75835-B2C5-440F-B704-2649EE3234B9}"
EndProject
Global
	GlobalSection(SolutionConfigurationPlatforms) = preSolution
		Debug|Any CPU = Debug|Any CPU
		Release|Any CPU = Release|Any CPU
	EndGlobalSection
	GlobalSection(ProjectConfigurationPlatforms) = postSolution
		{DF77AC58-7EC6-470C-ACD9-CB4B7D782A0F}.Debug|Any CPU.ActiveCfg = Debug|Any CPU
		{DF77AC58-7EC6-470C-ACD9-CB4B7D782A0F}.Debug|Any CPU.Build.0 = Debug|Any CPU
		{DF77AC58-7EC6-470C-ACD9-CB4B7D782A0F}.Release|Any CPU.ActiveCfg = Release|Any CPU
		{DF77AC58-7EC6-470C-ACD9-CB4B7D782A0F}.Release|Any CPU.Build.0 = Release|Any CPU
		{74A75835-B2C5-440F-B704-2649EE3234B9}.Debug|Any CPU.ActiveCfg = Debug|Any CPU
		{74A75835-B2C5-440F-B704-2649EE3234B9}.Debug|Any CPU.Build.0 = Debug|Any CPU
		{74A75835-B2C5-440F-B704-2649EE3234B9}.Debug|Any CPU.Deploy.0 = Debug|Any CPU
		{74A75835-B2C5-440F-B704-2649EE3234B9}.Release|Any CPU.ActiveCfg = Release|Any CPU
		{74A75835-B2C5-440F-B704-2649EE3234B9}.Release|Any CPU.Build.0 = Release|Any CPU
		{74A75835-B2C5-440F-B704-2649EE3234B9}.Release|Any CPU.Deploy.0 = Release|Any CPU
	EndGlobalSection
	GlobalSection(SolutionProperties) = preSolution
		HideSolutionNode = FALSE
	EndGlobalSection
	GlobalSection(ExtensibilityGlobals) = postSolution
		SolutionGuid = {929F37C8-23E1-471B-B7B8-767543BF7C63}
	EndGlobalSection
EndGlobal
